// !$*UTF8*$!
{
	archiveVersion = 1;
	classes = {
	};
	objectVersion = 55;
	objects = {

/* Begin PBXBuildFile section */
		3896BF0129A8EB8000838FC1 /* LoteriaApp.swift in Sources */ = {isa = PBXBuildFile; fileRef = 3896BF0029A8EB8000838FC1 /* LoteriaApp.swift */; };
		3896BF0529A8EB8400838FC1 /* Assets.xcassets in Resources */ = {isa = PBXBuildFile; fileRef = 3896BF0429A8EB8400838FC1 /* Assets.xcassets */; };
		3896BF0829A8EB8400838FC1 /* Preview Assets.xcassets in Resources */ = {isa = PBXBuildFile; fileRef = 3896BF0729A8EB8400838FC1 /* Preview Assets.xcassets */; };
		3896BF1029A8EC1600838FC1 /* LaunchView.swift in Sources */ = {isa = PBXBuildFile; fileRef = 3896BF0F29A8EC1600838FC1 /* LaunchView.swift */; };
		3896BF1429A8EDAE00838FC1 /* LaunchViewModel.swift in Sources */ = {isa = PBXBuildFile; fileRef = 3896BF1329A8EDAE00838FC1 /* LaunchViewModel.swift */; };
		3896BF1729A8EDC000838FC1 /* LaunchUiState.swift in Sources */ = {isa = PBXBuildFile; fileRef = 3896BF1629A8EDC000838FC1 /* LaunchUiState.swift */; };
		3896BF1A29A8F10400838FC1 /* LaunchViewRouter.swift in Sources */ = {isa = PBXBuildFile; fileRef = 3896BF1929A8F10400838FC1 /* LaunchViewRouter.swift */; };
		3896BF2029A8F64200838FC1 /* LoteriaView.swift in Sources */ = {isa = PBXBuildFile; fileRef = 3896BF1F29A8F64200838FC1 /* LoteriaView.swift */; };
		3896BF2229A934F300838FC1 /* GameType.swift in Sources */ = {isa = PBXBuildFile; fileRef = 3896BF2129A934F300838FC1 /* GameType.swift */; };
		3896BF2429A935EB00838FC1 /* LoteriaViewModel.swift in Sources */ = {isa = PBXBuildFile; fileRef = 3896BF2329A935EB00838FC1 /* LoteriaViewModel.swift */; };
/* End PBXBuildFile section */

/* Begin PBXFileReference section */
		3896BEFD29A8EB8000838FC1 /* Loteria.app */ = {isa = PBXFileReference; explicitFileType = wrapper.application; includeInIndex = 0; path = Loteria.app; sourceTree = BUILT_PRODUCTS_DIR; };
		3896BF0029A8EB8000838FC1 /* LoteriaApp.swift */ = {isa = PBXFileReference; lastKnownFileType = sourcecode.swift; path = LoteriaApp.swift; sourceTree = "<group>"; };
		3896BF0429A8EB8400838FC1 /* Assets.xcassets */ = {isa = PBXFileReference; lastKnownFileType = folder.assetcatalog; path = Assets.xcassets; sourceTree = "<group>"; };
		3896BF0729A8EB8400838FC1 /* Preview Assets.xcassets */ = {isa = PBXFileReference; lastKnownFileType = folder.assetcatalog; path = "Preview Assets.xcassets"; sourceTree = "<group>"; };
		3896BF0F29A8EC1600838FC1 /* LaunchView.swift */ = {isa = PBXFileReference; lastKnownFileType = sourcecode.swift; path = LaunchView.swift; sourceTree = "<group>"; };
		3896BF1329A8EDAE00838FC1 /* LaunchViewModel.swift */ = {isa = PBXFileReference; lastKnownFileType = sourcecode.swift; path = LaunchViewModel.swift; sourceTree = "<group>"; };
		3896BF1629A8EDC000838FC1 /* LaunchUiState.swift */ = {isa = PBXFileReference; lastKnownFileType = sourcecode.swift; path = LaunchUiState.swift; sourceTree = "<group>"; };
		3896BF1929A8F10400838FC1 /* LaunchViewRouter.swift */ = {isa = PBXFileReference; lastKnownFileType = sourcecode.swift; path = LaunchViewRouter.swift; sourceTree = "<group>"; };
		3896BF1F29A8F64200838FC1 /* LoteriaView.swift */ = {isa = PBXFileReference; lastKnownFileType = sourcecode.swift; path = LoteriaView.swift; sourceTree = "<group>"; };
		3896BF2129A934F300838FC1 /* GameType.swift */ = {isa = PBXFileReference; lastKnownFileType = sourcecode.swift; path = GameType.swift; sourceTree = "<group>"; };
		3896BF2329A935EB00838FC1 /* LoteriaViewModel.swift */ = {isa = PBXFileReference; lastKnownFileType = sourcecode.swift; path = LoteriaViewModel.swift; sourceTree = "<group>"; };
/* End PBXFileReference section */

/* Begin PBXFrameworksBuildPhase section */
		3896BEFA29A8EB8000838FC1 /* Frameworks */ = {
			isa = PBXFrameworksBuildPhase;
			buildActionMask = 2147483647;
			files = (
			);
			runOnlyForDeploymentPostprocessing = 0;
		};
/* End PBXFrameworksBuildPhase section */

/* Begin PBXGroup section */
		3896BEF429A8EB8000838FC1 = {
			isa = PBXGroup;
			children = (
				3896BEFF29A8EB8000838FC1 /* Loteria */,
				3896BEFE29A8EB8000838FC1 /* Products */,
			);
			sourceTree = "<group>";
		};
		3896BEFE29A8EB8000838FC1 /* Products */ = {
			isa = PBXGroup;
			children = (
				3896BEFD29A8EB8000838FC1 /* Loteria.app */,
			);
			name = Products;
			sourceTree = "<group>";
		};
		3896BEFF29A8EB8000838FC1 /* Loteria */ = {
			isa = PBXGroup;
			children = (
				3896BF1B29A8F4B500838FC1 /* Loteria */,
				3896BF0E29A8EBFC00838FC1 /* Launch */,
				3896BF0029A8EB8000838FC1 /* LoteriaApp.swift */,
				3896BF0429A8EB8400838FC1 /* Assets.xcassets */,
				3896BF0629A8EB8400838FC1 /* Preview Content */,
			);
			path = Loteria;
			sourceTree = "<group>";
		};
		3896BF0629A8EB8400838FC1 /* Preview Content */ = {
			isa = PBXGroup;
			children = (
				3896BF0729A8EB8400838FC1 /* Preview Assets.xcassets */,
			);
			path = "Preview Content";
			sourceTree = "<group>";
		};
		3896BF0E29A8EBFC00838FC1 /* Launch */ = {
			isa = PBXGroup;
			children = (
				3896BF1529A8EDB400838FC1 /* Model */,
				3896BF1229A8ED9800838FC1 /* ViewModel */,
				3896BF1129A8ED8800838FC1 /* View */,
			);
			path = Launch;
			sourceTree = "<group>";
		};
		3896BF1129A8ED8800838FC1 /* View */ = {
			isa = PBXGroup;
			children = (
				3896BF0F29A8EC1600838FC1 /* LaunchView.swift */,
			);
			path = View;
			sourceTree = "<group>";
		};
		3896BF1229A8ED9800838FC1 /* ViewModel */ = {
			isa = PBXGroup;
			children = (
				3896BF1329A8EDAE00838FC1 /* LaunchViewModel.swift */,
				3896BF1929A8F10400838FC1 /* LaunchViewRouter.swift */,
			);
			path = ViewModel;
			sourceTree = "<group>";
		};
		3896BF1529A8EDB400838FC1 /* Model */ = {
			isa = PBXGroup;
			children = (
				3896BF1629A8EDC000838FC1 /* LaunchUiState.swift */,
			);
			path = Model;
			sourceTree = "<group>";
		};
		3896BF1B29A8F4B500838FC1 /* Loteria */ = {
			isa = PBXGroup;
			children = (
				3896BF1E29A8F4CB00838FC1 /* View */,
				3896BF1D29A8F4C500838FC1 /* ViewModel */,
				3896BF1C29A8F4BD00838FC1 /* Model */,
			);
			path = Loteria;
			sourceTree = "<group>";
		};
		3896BF1C29A8F4BD00838FC1 /* Model */ = {
			isa = PBXGroup;
			children = (
				3896BF2129A934F300838FC1 /* GameType.swift */,
			);
			path = Model;
			sourceTree = "<group>";
		};
		3896BF1D29A8F4C500838FC1 /* ViewModel */ = {
			isa = PBXGroup;
			children = (
				3896BF2329A935EB00838FC1 /* LoteriaViewModel.swift */,
			);
			path = ViewModel;
			sourceTree = "<group>";
		};
		3896BF1E29A8F4CB00838FC1 /* View */ = {
			isa = PBXGroup;
			children = (
				3896BF1F29A8F64200838FC1 /* LoteriaView.swift */,
			);
			path = View;
			sourceTree = "<group>";
		};
/* End PBXGroup section */

/* Begin PBXNativeTarget section */
		3896BEFC29A8EB8000838FC1 /* Loteria */ = {
			isa = PBXNativeTarget;
			buildConfigurationList = 3896BF0B29A8EB8400838FC1 /* Build configuration list for PBXNativeTarget "Loteria" */;
			buildPhases = (
				3896BEF929A8EB8000838FC1 /* Sources */,
				3896BEFA29A8EB8000838FC1 /* Frameworks */,
				3896BEFB29A8EB8000838FC1 /* Resources */,
			);
			buildRules = (
			);
			dependencies = (
			);
			name = Loteria;
			productName = Loteria;
			productReference = 3896BEFD29A8EB8000838FC1 /* Loteria.app */;
			productType = "com.apple.product-type.application";
		};
/* End PBXNativeTarget section */

/* Begin PBXProject section */
		3896BEF529A8EB8000838FC1 /* Project object */ = {
			isa = PBXProject;
			attributes = {
				BuildIndependentTargetsInParallel = 1;
				LastSwiftUpdateCheck = 1340;
				LastUpgradeCheck = 1340;
				TargetAttributes = {
					3896BEFC29A8EB8000838FC1 = {
						CreatedOnToolsVersion = 13.4.1;
					};
				};
			};
			buildConfigurationList = 3896BEF829A8EB8000838FC1 /* Build configuration list for PBXProject "Loteria" */;
			compatibilityVersion = "Xcode 13.0";
			developmentRegion = en;
			hasScannedForEncodings = 0;
			knownRegions = (
				en,
				Base,
			);
			mainGroup = 3896BEF429A8EB8000838FC1;
			productRefGroup = 3896BEFE29A8EB8000838FC1 /* Products */;
			projectDirPath = "";
			projectRoot = "";
			targets = (
				3896BEFC29A8EB8000838FC1 /* Loteria */,
			);
		};
/* End PBXProject section */

/* Begin PBXResourcesBuildPhase section */
		3896BEFB29A8EB8000838FC1 /* Resources */ = {
			isa = PBXResourcesBuildPhase;
			buildActionMask = 2147483647;
			files = (
				3896BF0829A8EB8400838FC1 /* Preview Assets.xcassets in Resources */,
				3896BF0529A8EB8400838FC1 /* Assets.xcassets in Resources */,
			);
			runOnlyForDeploymentPostprocessing = 0;
		};
/* End PBXResourcesBuildPhase section */

/* Begin PBXSourcesBuildPhase section */
		3896BEF929A8EB8000838FC1 /* Sources */ = {
			isa = PBXSourcesBuildPhase;
			buildActionMask = 2147483647;
			files = (
				3896BF1729A8EDC000838FC1 /* LaunchUiState.swift in Sources */,
				3896BF1029A8EC1600838FC1 /* LaunchView.swift in Sources */,
				3896BF2229A934F300838FC1 /* GameType.swift in Sources */,
				3896BF0129A8EB8000838FC1 /* LoteriaApp.swift in Sources */,
				3896BF1429A8EDAE00838FC1 /* LaunchViewModel.swift in Sources */,
				3896BF2429A935EB00838FC1 /* LoteriaViewModel.swift in Sources */,
				3896BF1A29A8F10400838FC1 /* LaunchViewRouter.swift in Sources */,
				3896BF2029A8F64200838FC1 /* LoteriaView.swift in Sources */,
			);
			runOnlyForDeploymentPostprocessing = 0;
		};
/* End PBXSourcesBuildPhase section */

/* Begin XCBuildConfiguration section */
		3896BF0929A8EB8400838FC1 /* Debug */ = {
			isa = XCBuildConfiguration;
			buildSettings = {
				ALWAYS_SEARCH_USER_PATHS = NO;
				CLANG_ANALYZER_NONNULL = YES;
				CLANG_ANALYZER_NUMBER_OBJECT_CONVERSION = YES_AGGRESSIVE;
				CLANG_CXX_LANGUAGE_STANDARD = "gnu++17";
				CLANG_ENABLE_MODULES = YES;
				CLANG_ENABLE_OBJC_ARC = YES;
				CLANG_ENABLE_OBJC_WEAK = YES;
				CLANG_WARN_BLOCK_CAPTURE_AUTORELEASING = YES;
				CLANG_WARN_BOOL_CONVERSION = YES;
				CLANG_WARN_COMMA = YES;
				CLANG_WARN_CONSTANT_CONVERSION = YES;
				CLANG_WARN_DEPRECATED_OBJC_IMPLEMENTATIONS = YES;
				CLANG_WARN_DIRECT_OBJC_ISA_USAGE = YES_ERROR;
				CLANG_WARN_DOCUMENTATION_COMMENTS = YES;
				CLANG_WARN_EMPTY_BODY = YES;
				CLANG_WARN_ENUM_CONVERSION = YES;
				CLANG_WARN_INFINITE_RECURSION = YES;
				CLANG_WARN_INT_CONVERSION = YES;
				CLANG_WARN_NON_LITERAL_NULL_CONVERSION = YES;
				CLANG_WARN_OBJC_IMPLICIT_RETAIN_SELF = YES;
				CLANG_WARN_OBJC_LITERAL_CONVERSION = YES;
				CLANG_WARN_OBJC_ROOT_CLASS = YES_ERROR;
				CLANG_WARN_QUOTED_INCLUDE_IN_FRAMEWORK_HEADER = YES;
				CLANG_WARN_RANGE_LOOP_ANALYSIS = YES;
				CLANG_WARN_STRICT_PROTOTYPES = YES;
				CLANG_WARN_SUSPICIOUS_MOVE = YES;
				CLANG_WARN_UNGUARDED_AVAILABILITY = YES_AGGRESSIVE;
				CLANG_WARN_UNREACHABLE_CODE = YES;
				CLANG_WARN__DUPLICATE_METHOD_MATCH = YES;
				COPY_PHASE_STRIP = NO;
				DEBUG_INFORMATION_FORMAT = dwarf;
				ENABLE_STRICT_OBJC_MSGSEND = YES;
				ENABLE_TESTABILITY = YES;
				GCC_C_LANGUAGE_STANDARD = gnu11;
				GCC_DYNAMIC_NO_PIC = NO;
				GCC_NO_COMMON_BLOCKS = YES;
				GCC_OPTIMIZATION_LEVEL = 0;
				GCC_PREPROCESSOR_DEFINITIONS = (
					"DEBUG=1",
					"$(inherited)",
				);
				GCC_WARN_64_TO_32_BIT_CONVERSION = YES;
				GCC_WARN_ABOUT_RETURN_TYPE = YES_ERROR;
				GCC_WARN_UNDECLARED_SELECTOR = YES;
				GCC_WARN_UNINITIALIZED_AUTOS = YES_AGGRESSIVE;
				GCC_WARN_UNUSED_FUNCTION = YES;
				GCC_WARN_UNUSED_VARIABLE = YES;
				IPHONEOS_DEPLOYMENT_TARGET = 15.5;
				MTL_ENABLE_DEBUG_INFO = INCLUDE_SOURCE;
				MTL_FAST_MATH = YES;
				ONLY_ACTIVE_ARCH = YES;
				SDKROOT = iphoneos;
				SWIFT_ACTIVE_COMPILATION_CONDITIONS = DEBUG;
				SWIFT_OPTIMIZATION_LEVEL = "-Onone";
			};
			name = Debug;
		};
		3896BF0A29A8EB8400838FC1 /* Release */ = {
			isa = XCBuildConfiguration;
			buildSettings = {
				ALWAYS_SEARCH_USER_PATHS = NO;
				CLANG_ANALYZER_NONNULL = YES;
				CLANG_ANALYZER_NUMBER_OBJECT_CONVERSION = YES_AGGRESSIVE;
				CLANG_CXX_LANGUAGE_STANDARD = "gnu++17";
				CLANG_ENABLE_MODULES = YES;
				CLANG_ENABLE_OBJC_ARC = YES;
				CLANG_ENABLE_OBJC_WEAK = YES;
				CLANG_WARN_BLOCK_CAPTURE_AUTORELEASING = YES;
				CLANG_WARN_BOOL_CONVERSION = YES;
				CLANG_WARN_COMMA = YES;
				CLANG_WARN_CONSTANT_CONVERSION = YES;
				CLANG_WARN_DEPRECATED_OBJC_IMPLEMENTATIONS = YES;
				CLANG_WARN_DIRECT_OBJC_ISA_USAGE = YES_ERROR;
				CLANG_WARN_DOCUMENTATION_COMMENTS = YES;
				CLANG_WARN_EMPTY_BODY = YES;
				CLANG_WARN_ENUM_CONVERSION = YES;
				CLANG_WARN_INFINITE_RECURSION = YES;
				CLANG_WARN_INT_CONVERSION = YES;
				CLANG_WARN_NON_LITERAL_NULL_CONVERSION = YES;
				CLANG_WARN_OBJC_IMPLICIT_RETAIN_SELF = YES;
				CLANG_WARN_OBJC_LITERAL_CONVERSION = YES;
				CLANG_WARN_OBJC_ROOT_CLASS = YES_ERROR;
				CLANG_WARN_QUOTED_INCLUDE_IN_FRAMEWORK_HEADER = YES;
				CLANG_WARN_RANGE_LOOP_ANALYSIS = YES;
				CLANG_WARN_STRICT_PROTOTYPES = YES;
				CLANG_WARN_SUSPICIOUS_MOVE = YES;
				CLANG_WARN_UNGUARDED_AVAILABILITY = YES_AGGRESSIVE;
				CLANG_WARN_UNREACHABLE_CODE = YES;
				CLANG_WARN__DUPLICATE_METHOD_MATCH = YES;
				COPY_PHASE_STRIP = NO;
				DEBUG_INFORMATION_FORMAT = "dwarf-with-dsym";
				ENABLE_NS_ASSERTIONS = NO;
				ENABLE_STRICT_OBJC_MSGSEND = YES;
				GCC_C_LANGUAGE_STANDARD = gnu11;
				GCC_NO_COMMON_BLOCKS = YES;
				GCC_WARN_64_TO_32_BIT_CONVERSION = YES;
				GCC_WARN_ABOUT_RETURN_TYPE = YES_ERROR;
				GCC_WARN_UNDECLARED_SELECTOR = YES;
				GCC_WARN_UNINITIALIZED_AUTOS = YES_AGGRESSIVE;
				GCC_WARN_UNUSED_FUNCTION = YES;
				GCC_WARN_UNUSED_VARIABLE = YES;
				IPHONEOS_DEPLOYMENT_TARGET = 15.5;
				MTL_ENABLE_DEBUG_INFO = NO;
				MTL_FAST_MATH = YES;
				SDKROOT = iphoneos;
				SWIFT_COMPILATION_MODE = wholemodule;
				SWIFT_OPTIMIZATION_LEVEL = "-O";
				VALIDATE_PRODUCT = YES;
			};
			name = Release;
		};
		3896BF0C29A8EB8400838FC1 /* Debug */ = {
			isa = XCBuildConfiguration;
			buildSettings = {
				ASSETCATALOG_COMPILER_APPICON_NAME = AppIcon;
				ASSETCATALOG_COMPILER_GLOBAL_ACCENT_COLOR_NAME = AccentColor;
				CODE_SIGN_STYLE = Automatic;
				CURRENT_PROJECT_VERSION = 1;
				DEVELOPMENT_ASSET_PATHS = "\"Loteria/Preview Content\"";
				DEVELOPMENT_TEAM = 6L32P7KX52;
				ENABLE_PREVIEWS = YES;
				GENERATE_INFOPLIST_FILE = YES;
				INFOPLIST_KEY_UIApplicationSceneManifest_Generation = YES;
				INFOPLIST_KEY_UIApplicationSupportsIndirectInputEvents = YES;
				INFOPLIST_KEY_UILaunchScreen_Generation = YES;
				INFOPLIST_KEY_UISupportedInterfaceOrientations_iPad = "UIInterfaceOrientationPortrait UIInterfaceOrientationPortraitUpsideDown UIInterfaceOrientationLandscapeLeft UIInterfaceOrientationLandscapeRight";
				INFOPLIST_KEY_UISupportedInterfaceOrientations_iPhone = "UIInterfaceOrientationPortrait UIInterfaceOrientationLandscapeLeft UIInterfaceOrientationLandscapeRight";
				LD_RUNPATH_SEARCH_PATHS = (
					"$(inherited)",
					"@executable_path/Frameworks",
				);
				MARKETING_VERSION = 1.0;
				PRODUCT_BUNDLE_IDENTIFIER = com.robertofilho.Loteria;
				PRODUCT_NAME = "$(TARGET_NAME)";
				SWIFT_EMIT_LOC_STRINGS = YES;
				SWIFT_VERSION = 5.0;
				TARGETED_DEVICE_FAMILY = "1,2";
			};
			name = Debug;
		};
		3896BF0D29A8EB8400838FC1 /* Release */ = {
			isa = XCBuildConfiguration;
			buildSettings = {
				ASSETCATALOG_COMPILER_APPICON_NAME = AppIcon;
				ASSETCATALOG_COMPILER_GLOBAL_ACCENT_COLOR_NAME = AccentColor;
				CODE_SIGN_STYLE = Automatic;
				CURRENT_PROJECT_VERSION = 1;
				DEVELOPMENT_ASSET_PATHS = "\"Loteria/Preview Content\"";
				DEVELOPMENT_TEAM = 6L32P7KX52;
				ENABLE_PREVIEWS = YES;
				GENERATE_INFOPLIST_FILE = YES;
				INFOPLIST_KEY_UIApplicationSceneManifest_Generation = YES;
				INFOPLIST_KEY_UIApplicationSupportsIndirectInputEvents = YES;
				INFOPLIST_KEY_UILaunchScreen_Generation = YES;
				INFOPLIST_KEY_UISupportedInterfaceOrientations_iPad = "UIInterfaceOrientationPortrait UIInterfaceOrientationPortraitUpsideDown UIInterfaceOrientationLandscapeLeft UIInterfaceOrientationLandscapeRight";
				INFOPLIST_KEY_UISupportedInterfaceOrientations_iPhone = "UIInterfaceOrientationPortrait UIInterfaceOrientationLandscapeLeft UIInterfaceOrientationLandscapeRight";
				LD_RUNPATH_SEARCH_PATHS = (
					"$(inherited)",
					"@executable_path/Frameworks",
				);
				MARKETING_VERSION = 1.0;
				PRODUCT_BUNDLE_IDENTIFIER = com.robertofilho.Loteria;
				PRODUCT_NAME = "$(TARGET_NAME)";
				SWIFT_EMIT_LOC_STRINGS = YES;
				SWIFT_VERSION = 5.0;
				TARGETED_DEVICE_FAMILY = "1,2";
			};
			name = Release;
		};
/* End XCBuildConfiguration section */

/* Begin XCConfigurationList section */
		3896BEF829A8EB8000838FC1 /* Build configuration list for PBXProject "Loteria" */ = {
			isa = XCConfigurationList;
			buildConfigurations = (
				3896BF0929A8EB8400838FC1 /* Debug */,
				3896BF0A29A8EB8400838FC1 /* Release */,
			);
			defaultConfigurationIsVisible = 0;
			defaultConfigurationName = Release;
		};
		3896BF0B29A8EB8400838FC1 /* Build configuration list for PBXNativeTarget "Loteria" */ = {
			isa = XCConfigurationList;
			buildConfigurations = (
				3896BF0C29A8EB8400838FC1 /* Debug */,
				3896BF0D29A8EB8400838FC1 /* Release */,
			);
			defaultConfigurationIsVisible = 0;
			defaultConfigurationName = Release;
		};
/* End XCConfigurationList section */
	};
	rootObject = 3896BEF529A8EB8000838FC1 /* Project object */;
}
